
Microsoft Visual Studio Solution File, Format Version 12.00
# Visual Studio Version 17
VisualStudioVersion = 17.5.002.0
MinimumVisualStudioVersion = 10.0.40219.1
Project("{9A19103F-16F7-4668-BE54-9A1E7A4F7556}") = "Trabajo-DServidor-1", "Trabajo-DServidor-1.csproj", "{651F248E-BC06-4FC5-9615-14B12C07880F}"
EndProject
Project("{FAE04EC0-301F-11D3-BF4B-00C04F79EFBC}") = "Models", "Models\Models.csproj", "{F405E024-9D21-4A35-998A-7171811046DA}"
EndProject
Project("{FAE04EC0-301F-11D3-BF4B-00C04F79EFBC}") = "Services", "Services\Services.csproj", "{683D4140-9E60-4959-ADEA-1C2EFA5E1545}"
EndProject
Project("{FAE04EC0-301F-11D3-BF4B-00C04F79EFBC}") = "Presentation", "Presentation\Presentation.csproj", "{DC17A379-67FB-45E7-AC94-516BF1BC5A8E}"
EndProject
Project("{FAE04EC0-301F-11D3-BF4B-00C04F79EFBC}") = "Data", "Data\Data.csproj", "{57E038FF-438A-468B-817F-250005DC80D9}"
EndProject
Global
	GlobalSection(SolutionConfigurationPlatforms) = preSolution
		Debug|Any CPU = Debug|Any CPU
		Release|Any CPU = Release|Any CPU
	EndGlobalSection
	GlobalSection(ProjectConfigurationPlatforms) = postSolution
		{651F248E-BC06-4FC5-9615-14B12C07880F}.Debug|Any CPU.ActiveCfg = Debug|Any CPU
		{651F248E-BC06-4FC5-9615-14B12C07880F}.Debug|Any CPU.Build.0 = Debug|Any CPU
		{651F248E-BC06-4FC5-9615-14B12C07880F}.Release|Any CPU.ActiveCfg = Release|Any CPU
		{651F248E-BC06-4FC5-9615-14B12C07880F}.Release|Any CPU.Build.0 = Release|Any CPU
		{F405E024-9D21-4A35-998A-7171811046DA}.Debug|Any CPU.ActiveCfg = Debug|Any CPU
		{F405E024-9D21-4A35-998A-7171811046DA}.Debug|Any CPU.Build.0 = Debug|Any CPU
		{F405E024-9D21-4A35-998A-7171811046DA}.Release|Any CPU.ActiveCfg = Release|Any CPU
		{F405E024-9D21-4A35-998A-7171811046DA}.Release|Any CPU.Build.0 = Release|Any CPU
		{683D4140-9E60-4959-ADEA-1C2EFA5E1545}.Debug|Any CPU.ActiveCfg = Debug|Any CPU
		{683D4140-9E60-4959-ADEA-1C2EFA5E1545}.Debug|Any CPU.Build.0 = Debug|Any CPU
		{683D4140-9E60-4959-ADEA-1C2EFA5E1545}.Release|Any CPU.ActiveCfg = Release|Any CPU
		{683D4140-9E60-4959-ADEA-1C2EFA5E1545}.Release|Any CPU.Build.0 = Release|Any CPU
		{DC17A379-67FB-45E7-AC94-516BF1BC5A8E}.Debug|Any CPU.ActiveCfg = Debug|Any CPU
		{DC17A379-67FB-45E7-AC94-516BF1BC5A8E}.Debug|Any CPU.Build.0 = Debug|Any CPU
		{DC17A379-67FB-45E7-AC94-516BF1BC5A8E}.Release|Any CPU.ActiveCfg = Release|Any CPU
		{DC17A379-67FB-45E7-AC94-516BF1BC5A8E}.Release|Any CPU.Build.0 = Release|Any CPU
		{57E038FF-438A-468B-817F-250005DC80D9}.Debug|Any CPU.ActiveCfg = Debug|Any CPU
		{57E038FF-438A-468B-817F-250005DC80D9}.Debug|Any CPU.Build.0 = Debug|Any CPU
		{57E038FF-438A-468B-817F-250005DC80D9}.Release|Any CPU.ActiveCfg = Release|Any CPU
		{57E038FF-438A-468B-817F-250005DC80D9}.Release|Any CPU.Build.0 = Release|Any CPU
	EndGlobalSection
	GlobalSection(SolutionProperties) = preSolution
		HideSolutionNode = FALSE
	EndGlobalSection
	GlobalSection(ExtensibilityGlobals) = postSolution
		SolutionGuid = {1A0149FE-E322-4423-B33A-F3145EEC1228}
	EndGlobalSection
EndGlobal
